
Microsoft Visual Studio Solution File, Format Version 12.00
# Visual Studio Version 16
VisualStudioVersion = 16.0.29324.140
MinimumVisualStudioVersion = 10.0.40219.1
Project("{FAE04EC0-301F-11D3-BF4B-00C04F79EFBC}") = "DesktopAssistance", "DesktopAssistance\DesktopAssistance.csproj", "{4C5AD2A6-2ACD-4243-A941-C677F04CB92F}"
EndProject
Project("{2150E333-8FDC-42A3-9474-1A3956D46DE8}") = "Scripts", "Scripts", "{4059681D-B5C7-425A-87D9-C86E662F3A78}"
	ProjectSection(SolutionItems) = preProject
		commands.xml = commands.xml
	EndProjectSection
EndProject
Project("{FAE04EC0-301F-11D3-BF4B-00C04F79EFBC}") = "Prebuilt", "Prebuilt\Prebuilt.csproj", "{FA144734-6EBB-49C5-8021-BC9CA6017C60}"
EndProject
Global
	GlobalSection(SolutionConfigurationPlatforms) = preSolution
		Debug|Any CPU = Debug|Any CPU
		Debug|x64 = Debug|x64
		Debug|x86 = Debug|x86
		Release|Any CPU = Release|Any CPU
		Release|x64 = Release|x64
		Release|x86 = Release|x86
	EndGlobalSection
	GlobalSection(ProjectConfigurationPlatforms) = postSolution
		{4C5AD2A6-2ACD-4243-A941-C677F04CB92F}.Debug|Any CPU.ActiveCfg = Debug|Any CPU
		{4C5AD2A6-2ACD-4243-A941-C677F04CB92F}.Debug|Any CPU.Build.0 = Debug|Any CPU
		{4C5AD2A6-2ACD-4243-A941-C677F04CB92F}.Debug|x64.ActiveCfg = Debug|x64
		{4C5AD2A6-2ACD-4243-A941-C677F04CB92F}.Debug|x64.Build.0 = Debug|x64
		{4C5AD2A6-2ACD-4243-A941-C677F04CB92F}.Debug|x86.ActiveCfg = Debug|x86
		{4C5AD2A6-2ACD-4243-A941-C677F04CB92F}.Debug|x86.Build.0 = Debug|x86
		{4C5AD2A6-2ACD-4243-A941-C677F04CB92F}.Release|Any CPU.ActiveCfg = Release|Any CPU
		{4C5AD2A6-2ACD-4243-A941-C677F04CB92F}.Release|Any CPU.Build.0 = Release|Any CPU
		{4C5AD2A6-2ACD-4243-A941-C677F04CB92F}.Release|x64.ActiveCfg = Release|x64
		{4C5AD2A6-2ACD-4243-A941-C677F04CB92F}.Release|x64.Build.0 = Release|x64
		{4C5AD2A6-2ACD-4243-A941-C677F04CB92F}.Release|x86.ActiveCfg = Release|x86
		{4C5AD2A6-2ACD-4243-A941-C677F04CB92F}.Release|x86.Build.0 = Release|x86
		{FA144734-6EBB-49C5-8021-BC9CA6017C60}.Debug|Any CPU.ActiveCfg = Debug|Any CPU
		{FA144734-6EBB-49C5-8021-BC9CA6017C60}.Debug|Any CPU.Build.0 = Debug|Any CPU
		{FA144734-6EBB-49C5-8021-BC9CA6017C60}.Debug|x64.ActiveCfg = Debug|Any CPU
		{FA144734-6EBB-49C5-8021-BC9CA6017C60}.Debug|x64.Build.0 = Debug|Any CPU
		{FA144734-6EBB-49C5-8021-BC9CA6017C60}.Debug|x86.ActiveCfg = Debug|x86
		{FA144734-6EBB-49C5-8021-BC9CA6017C60}.Debug|x86.Build.0 = Debug|x86
		{FA144734-6EBB-49C5-8021-BC9CA6017C60}.Release|Any CPU.ActiveCfg = Release|Any CPU
		{FA144734-6EBB-49C5-8021-BC9CA6017C60}.Release|Any CPU.Build.0 = Release|Any CPU
		{FA144734-6EBB-49C5-8021-BC9CA6017C60}.Release|x64.ActiveCfg = Release|x64
		{FA144734-6EBB-49C5-8021-BC9CA6017C60}.Release|x64.Build.0 = Release|x64
		{FA144734-6EBB-49C5-8021-BC9CA6017C60}.Release|x86.ActiveCfg = Release|x86
		{FA144734-6EBB-49C5-8021-BC9CA6017C60}.Release|x86.Build.0 = Release|x86
	EndGlobalSection
	GlobalSection(SolutionProperties) = preSolution
		HideSolutionNode = FALSE
	EndGlobalSection
	GlobalSection(ExtensibilityGlobals) = postSolution
		SolutionGuid = {36877F5F-F242-4C04-9D53-D24E60B9769C}
	EndGlobalSection
EndGlobal
